// !$*UTF8*$!
{
	archiveVersion = 1;
	classes = {
	};
	objectVersion = 51;
	objects = {

/* Begin PBXBuildFile section */
		161F17FB26D7EC09001E2B04 /* APIManager.swift in Sources */ = {isa = PBXBuildFile; fileRef = 161F17FA26D7EC09001E2B04 /* APIManager.swift */; };
		161F17FD26D7EC45001E2B04 /* APIManagerProtocol.swift in Sources */ = {isa = PBXBuildFile; fileRef = 161F17FC26D7EC45001E2B04 /* APIManagerProtocol.swift */; };
		161F180026D7ECC7001E2B04 /* APIAlamofireDriver.swift in Sources */ = {isa = PBXBuildFile; fileRef = 161F17FF26D7ECC7001E2B04 /* APIAlamofireDriver.swift */; };
		1641B59526D123D300419DB9 /* Persistence.swift in Sources */ = {isa = PBXBuildFile; fileRef = 1641B59426D123D300419DB9 /* Persistence.swift */; };
		1641B59826D123D300419DB9 /* IstiakCast.xcdatamodeld in Sources */ = {isa = PBXBuildFile; fileRef = 1641B59626D123D300419DB9 /* IstiakCast.xcdatamodeld */; };
		1641B5A326D123D300419DB9 /* IstiakCastTests.swift in Sources */ = {isa = PBXBuildFile; fileRef = 1641B5A226D123D300419DB9 /* IstiakCastTests.swift */; };
		1641B5AE26D123D300419DB9 /* IstiakCastUITests.swift in Sources */ = {isa = PBXBuildFile; fileRef = 1641B5AD26D123D300419DB9 /* IstiakCastUITests.swift */; };
		1641B5C726D1267A00419DB9 /* AppMain.swift in Sources */ = {isa = PBXBuildFile; fileRef = 1641B5C626D1267A00419DB9 /* AppMain.swift */; };
		1641B5DB26D127FE00419DB9 /* LaunchScreen.storyboard in Resources */ = {isa = PBXBuildFile; fileRef = 1641B5D626D127E600419DB9 /* LaunchScreen.storyboard */; };
		1641B5DC26D1280600419DB9 /* Assets.xcassets in Resources */ = {isa = PBXBuildFile; fileRef = 1641B5D526D127E600419DB9 /* Assets.xcassets */; };
		1641B5DE26D1282E00419DB9 /* PlayerView.swift in Sources */ = {isa = PBXBuildFile; fileRef = 1641B5DD26D1282E00419DB9 /* PlayerView.swift */; };
		1641B5E326D1287500419DB9 /* Color+Additions.swift in Sources */ = {isa = PBXBuildFile; fileRef = 1641B5E226D1287500419DB9 /* Color+Additions.swift */; };
		1641B5E526D1288000419DB9 /* Image+Additions.swift in Sources */ = {isa = PBXBuildFile; fileRef = 1641B5E426D1288000419DB9 /* Image+Additions.swift */; };
		1641B5F326D128DB00419DB9 /* PlayerViewModel.swift in Sources */ = {isa = PBXBuildFile; fileRef = 1641B5EF26D128DB00419DB9 /* PlayerViewModel.swift */; };
		1641B5F426D128DB00419DB9 /* PlayerTime.swift in Sources */ = {isa = PBXBuildFile; fileRef = 1641B5F026D128DB00419DB9 /* PlayerTime.swift */; };
		1641B5F526D128DB00419DB9 /* PlaybackValue.swift in Sources */ = {isa = PBXBuildFile; fileRef = 1641B5F126D128DB00419DB9 /* PlaybackValue.swift */; };
		1641B5F626D128DB00419DB9 /* TimeConstant.swift in Sources */ = {isa = PBXBuildFile; fileRef = 1641B5F226D128DB00419DB9 /* TimeConstant.swift */; };
		165B046526D7EF6C00C3D2C9 /* JSONDecoder.swift in Sources */ = {isa = PBXBuildFile; fileRef = 165B046426D7EF6C00C3D2C9 /* JSONDecoder.swift */; };
		165B046A26D7F88500C3D2C9 /* HomeViewController.swift in Sources */ = {isa = PBXBuildFile; fileRef = 165B046926D7F88500C3D2C9 /* HomeViewController.swift */; };
		165B046C26D7F91B00C3D2C9 /* HomeClipsCell.swift in Sources */ = {isa = PBXBuildFile; fileRef = 165B046B26D7F91B00C3D2C9 /* HomeClipsCell.swift */; };
		165B046E26D7FA1200C3D2C9 /* HomeClipsHeaderView.swift in Sources */ = {isa = PBXBuildFile; fileRef = 165B046D26D7FA1200C3D2C9 /* HomeClipsHeaderView.swift */; };
		165B047026D7FA9000C3D2C9 /* HomeClipsPresenter.swift in Sources */ = {isa = PBXBuildFile; fileRef = 165B046F26D7FA9000C3D2C9 /* HomeClipsPresenter.swift */; };
		165B047226D7FAA400C3D2C9 /* HomeClipsWorker.swift in Sources */ = {isa = PBXBuildFile; fileRef = 165B047126D7FAA400C3D2C9 /* HomeClipsWorker.swift */; };
		165B047426D7FAB500C3D2C9 /* HomeClipsRouter.swift in Sources */ = {isa = PBXBuildFile; fileRef = 165B047326D7FAB500C3D2C9 /* HomeClipsRouter.swift */; };
		165B047626D7FACA00C3D2C9 /* HomeClipsInteractor.swift in Sources */ = {isa = PBXBuildFile; fileRef = 165B047526D7FACA00C3D2C9 /* HomeClipsInteractor.swift */; };
		165B047826D7FB3700C3D2C9 /* HomeClipsListModels.swift in Sources */ = {isa = PBXBuildFile; fileRef = 165B047726D7FB3700C3D2C9 /* HomeClipsListModels.swift */; };
		165B047A26D7FB7700C3D2C9 /* Clip.swift in Sources */ = {isa = PBXBuildFile; fileRef = 165B047926D7FB7700C3D2C9 /* Clip.swift */; };
		1671575226D131AF004A7272 /* Topu.mp3 in Resources */ = {isa = PBXBuildFile; fileRef = 1671575126D131AF004A7272 /* Topu.mp3 */; };
		167B779F26D7CB7000A9E77E /* HomeView.swift in Sources */ = {isa = PBXBuildFile; fileRef = 167B779E26D7CB7000A9E77E /* HomeView.swift */; };
		66C0C6D7C4872138DD62735D /* Pods_IstiakCastTests.framework in Frameworks */ = {isa = PBXBuildFile; fileRef = 274C83F8A9351BAC7D30EB0B /* Pods_IstiakCastTests.framework */; };
		951E4E156F753DE46F1D71AD /* Pods_IstiakCast_IstiakCastUITests.framework in Frameworks */ = {isa = PBXBuildFile; fileRef = 674725F4F2C7B2E24C4B657F /* Pods_IstiakCast_IstiakCastUITests.framework */; };
		F7C2655A7CCF08ED075B72D8 /* Pods_IstiakCast.framework in Frameworks */ = {isa = PBXBuildFile; fileRef = 9816B4993441376CB2E35EB9 /* Pods_IstiakCast.framework */; };
/* End PBXBuildFile section */

/* Begin PBXContainerItemProxy section */
		1641B59F26D123D300419DB9 /* PBXContainerItemProxy */ = {
			isa = PBXContainerItemProxy;
			containerPortal = 1641B58026D123D100419DB9 /* Project object */;
			proxyType = 1;
			remoteGlobalIDString = 1641B58726D123D100419DB9;
			remoteInfo = IstiakCast;
		};
		1641B5AA26D123D300419DB9 /* PBXContainerItemProxy */ = {
			isa = PBXContainerItemProxy;
			containerPortal = 1641B58026D123D100419DB9 /* Project object */;
			proxyType = 1;
			remoteGlobalIDString = 1641B58726D123D100419DB9;
			remoteInfo = IstiakCast;
		};
/* End PBXContainerItemProxy section */

/* Begin PBXFileReference section */
		040DEE8840A83210BD82C265 /* Pods-IstiakCastTests.debug.xcconfig */ = {isa = PBXFileReference; includeInIndex = 1; lastKnownFileType = text.xcconfig; name = "Pods-IstiakCastTests.debug.xcconfig"; path = "Target Support Files/Pods-IstiakCastTests/Pods-IstiakCastTests.debug.xcconfig"; sourceTree = "<group>"; };
		161F17FA26D7EC09001E2B04 /* APIManager.swift */ = {isa = PBXFileReference; lastKnownFileType = sourcecode.swift; path = APIManager.swift; sourceTree = "<group>"; };
		161F17FC26D7EC45001E2B04 /* APIManagerProtocol.swift */ = {isa = PBXFileReference; lastKnownFileType = sourcecode.swift; path = APIManagerProtocol.swift; sourceTree = "<group>"; };
		161F17FF26D7ECC7001E2B04 /* APIAlamofireDriver.swift */ = {isa = PBXFileReference; lastKnownFileType = sourcecode.swift; path = APIAlamofireDriver.swift; sourceTree = "<group>"; };
		1641B58826D123D100419DB9 /* IstiakCast.app */ = {isa = PBXFileReference; explicitFileType = wrapper.application; includeInIndex = 0; path = IstiakCast.app; sourceTree = BUILT_PRODUCTS_DIR; };
		1641B59226D123D300419DB9 /* Preview Assets.xcassets */ = {isa = PBXFileReference; lastKnownFileType = folder.assetcatalog; path = "Preview Assets.xcassets"; sourceTree = "<group>"; };
		1641B59426D123D300419DB9 /* Persistence.swift */ = {isa = PBXFileReference; lastKnownFileType = sourcecode.swift; path = Persistence.swift; sourceTree = "<group>"; };
		1641B59726D123D300419DB9 /* IstiakCast.xcdatamodel */ = {isa = PBXFileReference; lastKnownFileType = wrapper.xcdatamodel; path = IstiakCast.xcdatamodel; sourceTree = "<group>"; };
		1641B59E26D123D300419DB9 /* IstiakCastTests.xctest */ = {isa = PBXFileReference; explicitFileType = wrapper.cfbundle; includeInIndex = 0; path = IstiakCastTests.xctest; sourceTree = BUILT_PRODUCTS_DIR; };
		1641B5A226D123D300419DB9 /* IstiakCastTests.swift */ = {isa = PBXFileReference; lastKnownFileType = sourcecode.swift; path = IstiakCastTests.swift; sourceTree = "<group>"; };
		1641B5A426D123D300419DB9 /* Info.plist */ = {isa = PBXFileReference; lastKnownFileType = text.plist.xml; path = Info.plist; sourceTree = "<group>"; };
		1641B5A926D123D300419DB9 /* IstiakCastUITests.xctest */ = {isa = PBXFileReference; explicitFileType = wrapper.cfbundle; includeInIndex = 0; path = IstiakCastUITests.xctest; sourceTree = BUILT_PRODUCTS_DIR; };
		1641B5AD26D123D300419DB9 /* IstiakCastUITests.swift */ = {isa = PBXFileReference; lastKnownFileType = sourcecode.swift; path = IstiakCastUITests.swift; sourceTree = "<group>"; };
		1641B5AF26D123D300419DB9 /* Info.plist */ = {isa = PBXFileReference; lastKnownFileType = text.plist.xml; path = Info.plist; sourceTree = "<group>"; };
		1641B5C626D1267A00419DB9 /* AppMain.swift */ = {isa = PBXFileReference; fileEncoding = 4; lastKnownFileType = sourcecode.swift; path = AppMain.swift; sourceTree = "<group>"; };
		1641B5D526D127E600419DB9 /* Assets.xcassets */ = {isa = PBXFileReference; lastKnownFileType = folder.assetcatalog; path = Assets.xcassets; sourceTree = "<group>"; };
		1641B5D726D127E600419DB9 /* Base */ = {isa = PBXFileReference; lastKnownFileType = file.storyboard; name = Base; path = Base.lproj/LaunchScreen.storyboard; sourceTree = "<group>"; };
		1641B5D926D127E600419DB9 /* Info.plist */ = {isa = PBXFileReference; lastKnownFileType = text.plist.xml; path = Info.plist; sourceTree = "<group>"; };
		1641B5DD26D1282E00419DB9 /* PlayerView.swift */ = {isa = PBXFileReference; fileEncoding = 4; lastKnownFileType = sourcecode.swift; path = PlayerView.swift; sourceTree = "<group>"; };
		1641B5E226D1287500419DB9 /* Color+Additions.swift */ = {isa = PBXFileReference; fileEncoding = 4; lastKnownFileType = sourcecode.swift; path = "Color+Additions.swift"; sourceTree = "<group>"; };
		1641B5E426D1288000419DB9 /* Image+Additions.swift */ = {isa = PBXFileReference; fileEncoding = 4; lastKnownFileType = sourcecode.swift; path = "Image+Additions.swift"; sourceTree = "<group>"; };
		1641B5EF26D128DB00419DB9 /* PlayerViewModel.swift */ = {isa = PBXFileReference; fileEncoding = 4; lastKnownFileType = sourcecode.swift; path = PlayerViewModel.swift; sourceTree = "<group>"; };
		1641B5F026D128DB00419DB9 /* PlayerTime.swift */ = {isa = PBXFileReference; fileEncoding = 4; lastKnownFileType = sourcecode.swift; path = PlayerTime.swift; sourceTree = "<group>"; };
		1641B5F126D128DB00419DB9 /* PlaybackValue.swift */ = {isa = PBXFileReference; fileEncoding = 4; lastKnownFileType = sourcecode.swift; path = PlaybackValue.swift; sourceTree = "<group>"; };
		1641B5F226D128DB00419DB9 /* TimeConstant.swift */ = {isa = PBXFileReference; fileEncoding = 4; lastKnownFileType = sourcecode.swift; path = TimeConstant.swift; sourceTree = "<group>"; };
		165B046426D7EF6C00C3D2C9 /* JSONDecoder.swift */ = {isa = PBXFileReference; lastKnownFileType = sourcecode.swift; path = JSONDecoder.swift; sourceTree = "<group>"; };
		165B046926D7F88500C3D2C9 /* HomeViewController.swift */ = {isa = PBXFileReference; lastKnownFileType = sourcecode.swift; path = HomeViewController.swift; sourceTree = "<group>"; };
		165B046B26D7F91B00C3D2C9 /* HomeClipsCell.swift */ = {isa = PBXFileReference; lastKnownFileType = sourcecode.swift; path = HomeClipsCell.swift; sourceTree = "<group>"; };
		165B046D26D7FA1200C3D2C9 /* HomeClipsHeaderView.swift */ = {isa = PBXFileReference; lastKnownFileType = sourcecode.swift; path = HomeClipsHeaderView.swift; sourceTree = "<group>"; };
		165B046F26D7FA9000C3D2C9 /* HomeClipsPresenter.swift */ = {isa = PBXFileReference; lastKnownFileType = sourcecode.swift; path = HomeClipsPresenter.swift; sourceTree = "<group>"; };
		165B047126D7FAA400C3D2C9 /* HomeClipsWorker.swift */ = {isa = PBXFileReference; lastKnownFileType = sourcecode.swift; path = HomeClipsWorker.swift; sourceTree = "<group>"; };
		165B047326D7FAB500C3D2C9 /* HomeClipsRouter.swift */ = {isa = PBXFileReference; lastKnownFileType = sourcecode.swift; path = HomeClipsRouter.swift; sourceTree = "<group>"; };
		165B047526D7FACA00C3D2C9 /* HomeClipsInteractor.swift */ = {isa = PBXFileReference; lastKnownFileType = sourcecode.swift; path = HomeClipsInteractor.swift; sourceTree = "<group>"; };
		165B047726D7FB3700C3D2C9 /* HomeClipsListModels.swift */ = {isa = PBXFileReference; lastKnownFileType = sourcecode.swift; path = HomeClipsListModels.swift; sourceTree = "<group>"; };
		165B047926D7FB7700C3D2C9 /* Clip.swift */ = {isa = PBXFileReference; lastKnownFileType = sourcecode.swift; path = Clip.swift; sourceTree = "<group>"; };
		1671575126D131AF004A7272 /* Topu.mp3 */ = {isa = PBXFileReference; lastKnownFileType = audio.mp3; path = Topu.mp3; sourceTree = "<group>"; };
		167B779E26D7CB7000A9E77E /* HomeView.swift */ = {isa = PBXFileReference; lastKnownFileType = sourcecode.swift; path = HomeView.swift; sourceTree = "<group>"; };
		274C83F8A9351BAC7D30EB0B /* Pods_IstiakCastTests.framework */ = {isa = PBXFileReference; explicitFileType = wrapper.framework; includeInIndex = 0; path = Pods_IstiakCastTests.framework; sourceTree = BUILT_PRODUCTS_DIR; };
		47F505507C90F949FF34D0E4 /* Pods-IstiakCast-IstiakCastUITests.release.xcconfig */ = {isa = PBXFileReference; includeInIndex = 1; lastKnownFileType = text.xcconfig; name = "Pods-IstiakCast-IstiakCastUITests.release.xcconfig"; path = "Target Support Files/Pods-IstiakCast-IstiakCastUITests/Pods-IstiakCast-IstiakCastUITests.release.xcconfig"; sourceTree = "<group>"; };
		54B98792958E565BCA1E3B43 /* Pods-IstiakCastTests.release.xcconfig */ = {isa = PBXFileReference; includeInIndex = 1; lastKnownFileType = text.xcconfig; name = "Pods-IstiakCastTests.release.xcconfig"; path = "Target Support Files/Pods-IstiakCastTests/Pods-IstiakCastTests.release.xcconfig"; sourceTree = "<group>"; };
		674725F4F2C7B2E24C4B657F /* Pods_IstiakCast_IstiakCastUITests.framework */ = {isa = PBXFileReference; explicitFileType = wrapper.framework; includeInIndex = 0; path = Pods_IstiakCast_IstiakCastUITests.framework; sourceTree = BUILT_PRODUCTS_DIR; };
		890A4F36FDF08CE32CEAEBC8 /* Pods-IstiakCast.release.xcconfig */ = {isa = PBXFileReference; includeInIndex = 1; lastKnownFileType = text.xcconfig; name = "Pods-IstiakCast.release.xcconfig"; path = "Target Support Files/Pods-IstiakCast/Pods-IstiakCast.release.xcconfig"; sourceTree = "<group>"; };
		9816B4993441376CB2E35EB9 /* Pods_IstiakCast.framework */ = {isa = PBXFileReference; explicitFileType = wrapper.framework; includeInIndex = 0; path = Pods_IstiakCast.framework; sourceTree = BUILT_PRODUCTS_DIR; };
		CF3DD90853D1915229DFCE25 /* Pods-IstiakCast.debug.xcconfig */ = {isa = PBXFileReference; includeInIndex = 1; lastKnownFileType = text.xcconfig; name = "Pods-IstiakCast.debug.xcconfig"; path = "Target Support Files/Pods-IstiakCast/Pods-IstiakCast.debug.xcconfig"; sourceTree = "<group>"; };
		F2E53AA923FFDE8F81A297B9 /* Pods-IstiakCast-IstiakCastUITests.debug.xcconfig */ = {isa = PBXFileReference; includeInIndex = 1; lastKnownFileType = text.xcconfig; name = "Pods-IstiakCast-IstiakCastUITests.debug.xcconfig"; path = "Target Support Files/Pods-IstiakCast-IstiakCastUITests/Pods-IstiakCast-IstiakCastUITests.debug.xcconfig"; sourceTree = "<group>"; };
/* End PBXFileReference section */

/* Begin PBXFrameworksBuildPhase section */
		1641B58526D123D100419DB9 /* Frameworks */ = {
			isa = PBXFrameworksBuildPhase;
			buildActionMask = 2147483647;
			files = (
				F7C2655A7CCF08ED075B72D8 /* Pods_IstiakCast.framework in Frameworks */,
			);
			runOnlyForDeploymentPostprocessing = 0;
		};
		1641B59B26D123D300419DB9 /* Frameworks */ = {
			isa = PBXFrameworksBuildPhase;
			buildActionMask = 2147483647;
			files = (
				66C0C6D7C4872138DD62735D /* Pods_IstiakCastTests.framework in Frameworks */,
			);
			runOnlyForDeploymentPostprocessing = 0;
		};
		1641B5A626D123D300419DB9 /* Frameworks */ = {
			isa = PBXFrameworksBuildPhase;
			buildActionMask = 2147483647;
			files = (
				951E4E156F753DE46F1D71AD /* Pods_IstiakCast_IstiakCastUITests.framework in Frameworks */,
			);
			runOnlyForDeploymentPostprocessing = 0;
		};
/* End PBXFrameworksBuildPhase section */

/* Begin PBXGroup section */
		161F17F826D7EB80001E2B04 /* Managers */ = {
			isa = PBXGroup;
			children = (
				161F17F926D7EBE7001E2B04 /* APIManager */,
			);
			path = Managers;
			sourceTree = "<group>";
		};
		161F17F926D7EBE7001E2B04 /* APIManager */ = {
			isa = PBXGroup;
			children = (
				161F17FE26D7ECA2001E2B04 /* Drivers */,
				161F17FA26D7EC09001E2B04 /* APIManager.swift */,
				161F17FC26D7EC45001E2B04 /* APIManagerProtocol.swift */,
			);
			path = APIManager;
			sourceTree = "<group>";
		};
		161F17FE26D7ECA2001E2B04 /* Drivers */ = {
			isa = PBXGroup;
			children = (
				161F17FF26D7ECC7001E2B04 /* APIAlamofireDriver.swift */,
			);
			path = Drivers;
			sourceTree = "<group>";
		};
		1641B57F26D123D000419DB9 = {
			isa = PBXGroup;
			children = (
				1641B58A26D123D100419DB9 /* IstiakCast */,
				1641B5A126D123D300419DB9 /* IstiakCastTests */,
				1641B5AC26D123D300419DB9 /* IstiakCastUITests */,
				1641B58926D123D100419DB9 /* Products */,
				823E7F7664881C49CB4B0334 /* Pods */,
				6BDBE4B64CC9F9606640512E /* Frameworks */,
			);
			sourceTree = "<group>";
		};
		1641B58926D123D100419DB9 /* Products */ = {
			isa = PBXGroup;
			children = (
				1641B58826D123D100419DB9 /* IstiakCast.app */,
				1641B59E26D123D300419DB9 /* IstiakCastTests.xctest */,
				1641B5A926D123D300419DB9 /* IstiakCastUITests.xctest */,
			);
			name = Products;
			sourceTree = "<group>";
		};
		1641B58A26D123D100419DB9 /* IstiakCast */ = {
			isa = PBXGroup;
			children = (
				165B046626D7F7F900C3D2C9 /* Scenes */,
				161F17F826D7EB80001E2B04 /* Managers */,
				1641B5C626D1267A00419DB9 /* AppMain.swift */,
				1641B5F726D128E400419DB9 /* Models */,
				1641B5E626D1288500419DB9 /* Extensions */,
				1641B5DF26D1285500419DB9 /* Views */,
				1641B5D426D127E600419DB9 /* Supporting Files */,
				1641B59426D123D300419DB9 /* Persistence.swift */,
				1641B59626D123D300419DB9 /* IstiakCast.xcdatamodeld */,
				1641B59126D123D300419DB9 /* Preview Content */,
			);
			path = IstiakCast;
			sourceTree = "<group>";
		};
		1641B59126D123D300419DB9 /* Preview Content */ = {
			isa = PBXGroup;
			children = (
				1641B59226D123D300419DB9 /* Preview Assets.xcassets */,
			);
			path = "Preview Content";
			sourceTree = "<group>";
		};
		1641B5A126D123D300419DB9 /* IstiakCastTests */ = {
			isa = PBXGroup;
			children = (
				1641B5A226D123D300419DB9 /* IstiakCastTests.swift */,
				1641B5A426D123D300419DB9 /* Info.plist */,
			);
			path = IstiakCastTests;
			sourceTree = "<group>";
		};
		1641B5AC26D123D300419DB9 /* IstiakCastUITests */ = {
			isa = PBXGroup;
			children = (
				1641B5AD26D123D300419DB9 /* IstiakCastUITests.swift */,
				1641B5AF26D123D300419DB9 /* Info.plist */,
			);
			path = IstiakCastUITests;
			sourceTree = "<group>";
		};
		1641B5D426D127E600419DB9 /* Supporting Files */ = {
			isa = PBXGroup;
			children = (
				1641B5D526D127E600419DB9 /* Assets.xcassets */,
				1671575126D131AF004A7272 /* Topu.mp3 */,
				1641B5D626D127E600419DB9 /* LaunchScreen.storyboard */,
				1641B5D926D127E600419DB9 /* Info.plist */,
			);
			path = "Supporting Files";
			sourceTree = "<group>";
		};
		1641B5DF26D1285500419DB9 /* Views */ = {
			isa = PBXGroup;
			children = (
				1641B5DD26D1282E00419DB9 /* PlayerView.swift */,
				167B779E26D7CB7000A9E77E /* HomeView.swift */,
			);
			path = Views;
			sourceTree = "<group>";
		};
		1641B5E626D1288500419DB9 /* Extensions */ = {
			isa = PBXGroup;
			children = (
				1641B5E226D1287500419DB9 /* Color+Additions.swift */,
				1641B5E426D1288000419DB9 /* Image+Additions.swift */,
				165B046426D7EF6C00C3D2C9 /* JSONDecoder.swift */,
			);
			path = Extensions;
			sourceTree = "<group>";
		};
		1641B5F726D128E400419DB9 /* Models */ = {
			isa = PBXGroup;
			children = (
				1641B5F126D128DB00419DB9 /* PlaybackValue.swift */,
				1641B5F026D128DB00419DB9 /* PlayerTime.swift */,
				1641B5EF26D128DB00419DB9 /* PlayerViewModel.swift */,
				1641B5F226D128DB00419DB9 /* TimeConstant.swift */,
				165B047926D7FB7700C3D2C9 /* Clip.swift */,
			);
			path = Models;
			sourceTree = "<group>";
		};
		165B046626D7F7F900C3D2C9 /* Scenes */ = {
			isa = PBXGroup;
			children = (
				165B046826D7F86E00C3D2C9 /* Home */,
			);
			path = Scenes;
			sourceTree = "<group>";
		};
		165B046826D7F86E00C3D2C9 /* Home */ = {
			isa = PBXGroup;
			children = (
				165B046926D7F88500C3D2C9 /* HomeViewController.swift */,
				165B046B26D7F91B00C3D2C9 /* HomeClipsCell.swift */,
				165B046D26D7FA1200C3D2C9 /* HomeClipsHeaderView.swift */,
				165B046F26D7FA9000C3D2C9 /* HomeClipsPresenter.swift */,
				165B047126D7FAA400C3D2C9 /* HomeClipsWorker.swift */,
				165B047326D7FAB500C3D2C9 /* HomeClipsRouter.swift */,
				165B047526D7FACA00C3D2C9 /* HomeClipsInteractor.swift */,
				165B047726D7FB3700C3D2C9 /* HomeClipsListModels.swift */,
			);
			path = Home;
			sourceTree = "<group>";
		};
		6BDBE4B64CC9F9606640512E /* Frameworks */ = {
			isa = PBXGroup;
			children = (
				9816B4993441376CB2E35EB9 /* Pods_IstiakCast.framework */,
				674725F4F2C7B2E24C4B657F /* Pods_IstiakCast_IstiakCastUITests.framework */,
				274C83F8A9351BAC7D30EB0B /* Pods_IstiakCastTests.framework */,
			);
			name = Frameworks;
			sourceTree = "<group>";
		};
		823E7F7664881C49CB4B0334 /* Pods */ = {
			isa = PBXGroup;
			children = (
				CF3DD90853D1915229DFCE25 /* Pods-IstiakCast.debug.xcconfig */,
				890A4F36FDF08CE32CEAEBC8 /* Pods-IstiakCast.release.xcconfig */,
				F2E53AA923FFDE8F81A297B9 /* Pods-IstiakCast-IstiakCastUITests.debug.xcconfig */,
				47F505507C90F949FF34D0E4 /* Pods-IstiakCast-IstiakCastUITests.release.xcconfig */,
				040DEE8840A83210BD82C265 /* Pods-IstiakCastTests.debug.xcconfig */,
				54B98792958E565BCA1E3B43 /* Pods-IstiakCastTests.release.xcconfig */,
			);
			path = Pods;
			sourceTree = "<group>";
		};
/* End PBXGroup section */

/* Begin PBXNativeTarget section */
		1641B58726D123D100419DB9 /* IstiakCast */ = {
			isa = PBXNativeTarget;
			buildConfigurationList = 1641B5B226D123D300419DB9 /* Build configuration list for PBXNativeTarget "IstiakCast" */;
			buildPhases = (
				7231E49A00F2E4FE3ABED586 /* [CP] Check Pods Manifest.lock */,
				1641B58426D123D100419DB9 /* Sources */,
				1641B58526D123D100419DB9 /* Frameworks */,
				1641B58626D123D100419DB9 /* Resources */,
				EB705FC8A049914B99CD4267 /* [CP] Embed Pods Frameworks */,
			);
			buildRules = (
			);
			dependencies = (
			);
			name = IstiakCast;
			productName = IstiakCast;
			productReference = 1641B58826D123D100419DB9 /* IstiakCast.app */;
			productType = "com.apple.product-type.application";
		};
		1641B59D26D123D300419DB9 /* IstiakCastTests */ = {
			isa = PBXNativeTarget;
			buildConfigurationList = 1641B5B526D123D300419DB9 /* Build configuration list for PBXNativeTarget "IstiakCastTests" */;
			buildPhases = (
				FDCAD9F2BD3F201816F31834 /* [CP] Check Pods Manifest.lock */,
				1641B59A26D123D300419DB9 /* Sources */,
				1641B59B26D123D300419DB9 /* Frameworks */,
				1641B59C26D123D300419DB9 /* Resources */,
			);
			buildRules = (
			);
			dependencies = (
				1641B5A026D123D300419DB9 /* PBXTargetDependency */,
			);
			name = IstiakCastTests;
			productName = IstiakCastTests;
			productReference = 1641B59E26D123D300419DB9 /* IstiakCastTests.xctest */;
			productType = "com.apple.product-type.bundle.unit-test";
		};
		1641B5A826D123D300419DB9 /* IstiakCastUITests */ = {
			isa = PBXNativeTarget;
			buildConfigurationList = 1641B5B826D123D300419DB9 /* Build configuration list for PBXNativeTarget "IstiakCastUITests" */;
			buildPhases = (
				B99229301439E5B2ADBACF69 /* [CP] Check Pods Manifest.lock */,
				1641B5A526D123D300419DB9 /* Sources */,
				1641B5A626D123D300419DB9 /* Frameworks */,
				1641B5A726D123D300419DB9 /* Resources */,
				5D19D54BDDF9B000400CF22E /* [CP] Embed Pods Frameworks */,
			);
			buildRules = (
			);
			dependencies = (
				1641B5AB26D123D300419DB9 /* PBXTargetDependency */,
			);
			name = IstiakCastUITests;
			productName = IstiakCastUITests;
			productReference = 1641B5A926D123D300419DB9 /* IstiakCastUITests.xctest */;
			productType = "com.apple.product-type.bundle.ui-testing";
		};
/* End PBXNativeTarget section */

/* Begin PBXProject section */
		1641B58026D123D100419DB9 /* Project object */ = {
			isa = PBXProject;
			attributes = {
				LastSwiftUpdateCheck = 1250;
				LastUpgradeCheck = 1250;
				TargetAttributes = {
					1641B58726D123D100419DB9 = {
						CreatedOnToolsVersion = 12.5.1;
					};
					1641B59D26D123D300419DB9 = {
						CreatedOnToolsVersion = 12.5.1;
						TestTargetID = 1641B58726D123D100419DB9;
					};
					1641B5A826D123D300419DB9 = {
						CreatedOnToolsVersion = 12.5.1;
						TestTargetID = 1641B58726D123D100419DB9;
					};
				};
			};
			buildConfigurationList = 1641B58326D123D100419DB9 /* Build configuration list for PBXProject "IstiakCast" */;
			compatibilityVersion = "Xcode 9.3";
			developmentRegion = en;
			hasScannedForEncodings = 0;
			knownRegions = (
				en,
				Base,
			);
			mainGroup = 1641B57F26D123D000419DB9;
			productRefGroup = 1641B58926D123D100419DB9 /* Products */;
			projectDirPath = "";
			projectRoot = "";
			targets = (
				1641B58726D123D100419DB9 /* IstiakCast */,
				1641B59D26D123D300419DB9 /* IstiakCastTests */,
				1641B5A826D123D300419DB9 /* IstiakCastUITests */,
			);
		};
/* End PBXProject section */

/* Begin PBXResourcesBuildPhase section */
		1641B58626D123D100419DB9 /* Resources */ = {
			isa = PBXResourcesBuildPhase;
			buildActionMask = 2147483647;
			files = (
				1641B5DC26D1280600419DB9 /* Assets.xcassets in Resources */,
				1641B5DB26D127FE00419DB9 /* LaunchScreen.storyboard in Resources */,
				1671575226D131AF004A7272 /* Topu.mp3 in Resources */,
			);
			runOnlyForDeploymentPostprocessing = 0;
		};
		1641B59C26D123D300419DB9 /* Resources */ = {
			isa = PBXResourcesBuildPhase;
			buildActionMask = 2147483647;
			files = (
			);
			runOnlyForDeploymentPostprocessing = 0;
		};
		1641B5A726D123D300419DB9 /* Resources */ = {
			isa = PBXResourcesBuildPhase;
			buildActionMask = 2147483647;
			files = (
			);
			runOnlyForDeploymentPostprocessing = 0;
		};
/* End PBXResourcesBuildPhase section */

/* Begin PBXShellScriptBuildPhase section */
		5D19D54BDDF9B000400CF22E /* [CP] Embed Pods Frameworks */ = {
			isa = PBXShellScriptBuildPhase;
			buildActionMask = 2147483647;
			files = (
			);
			inputFileListPaths = (
				"${PODS_ROOT}/Target Support Files/Pods-IstiakCast-IstiakCastUITests/Pods-IstiakCast-IstiakCastUITests-frameworks-${CONFIGURATION}-input-files.xcfilelist",
			);
			name = "[CP] Embed Pods Frameworks";
			outputFileListPaths = (
				"${PODS_ROOT}/Target Support Files/Pods-IstiakCast-IstiakCastUITests/Pods-IstiakCast-IstiakCastUITests-frameworks-${CONFIGURATION}-output-files.xcfilelist",
			);
			runOnlyForDeploymentPostprocessing = 0;
			shellPath = /bin/sh;
			shellScript = "\"${PODS_ROOT}/Target Support Files/Pods-IstiakCast-IstiakCastUITests/Pods-IstiakCast-IstiakCastUITests-frameworks.sh\"\n";
			showEnvVarsInLog = 0;
		};
		7231E49A00F2E4FE3ABED586 /* [CP] Check Pods Manifest.lock */ = {
			isa = PBXShellScriptBuildPhase;
			buildActionMask = 2147483647;
			files = (
			);
			inputFileListPaths = (
			);
			inputPaths = (
				"${PODS_PODFILE_DIR_PATH}/Podfile.lock",
				"${PODS_ROOT}/Manifest.lock",
			);
			name = "[CP] Check Pods Manifest.lock";
			outputFileListPaths = (
			);
			outputPaths = (
				"$(DERIVED_FILE_DIR)/Pods-IstiakCast-checkManifestLockResult.txt",
			);
			runOnlyForDeploymentPostprocessing = 0;
			shellPath = /bin/sh;
			shellScript = "diff \"${PODS_PODFILE_DIR_PATH}/Podfile.lock\" \"${PODS_ROOT}/Manifest.lock\" > /dev/null\nif [ $? != 0 ] ; then\n    # print error to STDERR\n    echo \"error: The sandbox is not in sync with the Podfile.lock. Run 'pod install' or update your CocoaPods installation.\" >&2\n    exit 1\nfi\n# This output is used by Xcode 'outputs' to avoid re-running this script phase.\necho \"SUCCESS\" > \"${SCRIPT_OUTPUT_FILE_0}\"\n";
			showEnvVarsInLog = 0;
		};
		B99229301439E5B2ADBACF69 /* [CP] Check Pods Manifest.lock */ = {
			isa = PBXShellScriptBuildPhase;
			buildActionMask = 2147483647;
			files = (
			);
			inputFileListPaths = (
			);
			inputPaths = (
				"${PODS_PODFILE_DIR_PATH}/Podfile.lock",
				"${PODS_ROOT}/Manifest.lock",
			);
			name = "[CP] Check Pods Manifest.lock";
			outputFileListPaths = (
			);
			outputPaths = (
				"$(DERIVED_FILE_DIR)/Pods-IstiakCast-IstiakCastUITests-checkManifestLockResult.txt",
			);
			runOnlyForDeploymentPostprocessing = 0;
			shellPath = /bin/sh;
			shellScript = "diff \"${PODS_PODFILE_DIR_PATH}/Podfile.lock\" \"${PODS_ROOT}/Manifest.lock\" > /dev/null\nif [ $? != 0 ] ; then\n    # print error to STDERR\n    echo \"error: The sandbox is not in sync with the Podfile.lock. Run 'pod install' or update your CocoaPods installation.\" >&2\n    exit 1\nfi\n# This output is used by Xcode 'outputs' to avoid re-running this script phase.\necho \"SUCCESS\" > \"${SCRIPT_OUTPUT_FILE_0}\"\n";
			showEnvVarsInLog = 0;
		};
		EB705FC8A049914B99CD4267 /* [CP] Embed Pods Frameworks */ = {
			isa = PBXShellScriptBuildPhase;
			buildActionMask = 2147483647;
			files = (
			);
			inputFileListPaths = (
				"${PODS_ROOT}/Target Support Files/Pods-IstiakCast/Pods-IstiakCast-frameworks-${CONFIGURATION}-input-files.xcfilelist",
			);
			name = "[CP] Embed Pods Frameworks";
			outputFileListPaths = (
				"${PODS_ROOT}/Target Support Files/Pods-IstiakCast/Pods-IstiakCast-frameworks-${CONFIGURATION}-output-files.xcfilelist",
			);
			runOnlyForDeploymentPostprocessing = 0;
			shellPath = /bin/sh;
			shellScript = "\"${PODS_ROOT}/Target Support Files/Pods-IstiakCast/Pods-IstiakCast-frameworks.sh\"\n";
			showEnvVarsInLog = 0;
		};
		FDCAD9F2BD3F201816F31834 /* [CP] Check Pods Manifest.lock */ = {
			isa = PBXShellScriptBuildPhase;
			buildActionMask = 2147483647;
			files = (
			);
			inputFileListPaths = (
			);
			inputPaths = (
				"${PODS_PODFILE_DIR_PATH}/Podfile.lock",
				"${PODS_ROOT}/Manifest.lock",
			);
			name = "[CP] Check Pods Manifest.lock";
			outputFileListPaths = (
			);
			outputPaths = (
				"$(DERIVED_FILE_DIR)/Pods-IstiakCastTests-checkManifestLockResult.txt",
			);
			runOnlyForDeploymentPostprocessing = 0;
			shellPath = /bin/sh;
			shellScript = "diff \"${PODS_PODFILE_DIR_PATH}/Podfile.lock\" \"${PODS_ROOT}/Manifest.lock\" > /dev/null\nif [ $? != 0 ] ; then\n    # print error to STDERR\n    echo \"error: The sandbox is not in sync with the Podfile.lock. Run 'pod install' or update your CocoaPods installation.\" >&2\n    exit 1\nfi\n# This output is used by Xcode 'outputs' to avoid re-running this script phase.\necho \"SUCCESS\" > \"${SCRIPT_OUTPUT_FILE_0}\"\n";
			showEnvVarsInLog = 0;
		};
/* End PBXShellScriptBuildPhase section */

/* Begin PBXSourcesBuildPhase section */
		1641B58426D123D100419DB9 /* Sources */ = {
			isa = PBXSourcesBuildPhase;
			buildActionMask = 2147483647;
			files = (
				165B047426D7FAB500C3D2C9 /* HomeClipsRouter.swift in Sources */,
				161F17FB26D7EC09001E2B04 /* APIManager.swift in Sources */,
				1641B5E326D1287500419DB9 /* Color+Additions.swift in Sources */,
				1641B59526D123D300419DB9 /* Persistence.swift in Sources */,
				1641B5C726D1267A00419DB9 /* AppMain.swift in Sources */,
				1641B59826D123D300419DB9 /* IstiakCast.xcdatamodeld in Sources */,
				1641B5F626D128DB00419DB9 /* TimeConstant.swift in Sources */,
				161F17FD26D7EC45001E2B04 /* APIManagerProtocol.swift in Sources */,
				165B047026D7FA9000C3D2C9 /* HomeClipsPresenter.swift in Sources */,
				165B047A26D7FB7700C3D2C9 /* Clip.swift in Sources */,
				167B779F26D7CB7000A9E77E /* HomeView.swift in Sources */,
				165B047826D7FB3700C3D2C9 /* HomeClipsListModels.swift in Sources */,
				1641B5DE26D1282E00419DB9 /* PlayerView.swift in Sources */,
				1641B5F526D128DB00419DB9 /* PlaybackValue.swift in Sources */,
				165B046E26D7FA1200C3D2C9 /* HomeClipsHeaderView.swift in Sources */,
				1641B5F326D128DB00419DB9 /* PlayerViewModel.swift in Sources */,
				165B046A26D7F88500C3D2C9 /* HomeViewController.swift in Sources */,
				165B047626D7FACA00C3D2C9 /* HomeClipsInteractor.swift in Sources */,
				165B047226D7FAA400C3D2C9 /* HomeClipsWorker.swift in Sources */,
				1641B5E526D1288000419DB9 /* Image+Additions.swift in Sources */,
				165B046526D7EF6C00C3D2C9 /* JSONDecoder.swift in Sources */,
				165B046C26D7F91B00C3D2C9 /* HomeClipsCell.swift in Sources */,
				1641B5F426D128DB00419DB9 /* PlayerTime.swift in Sources */,
				161F180026D7ECC7001E2B04 /* APIAlamofireDriver.swift in Sources */,
			);
			runOnlyForDeploymentPostprocessing = 0;
		};
		1641B59A26D123D300419DB9 /* Sources */ = {
			isa = PBXSourcesBuildPhase;
			buildActionMask = 2147483647;
			files = (
				1641B5A326D123D300419DB9 /* IstiakCastTests.swift in Sources */,
			);
			runOnlyForDeploymentPostprocessing = 0;
		};
		1641B5A526D123D300419DB9 /* Sources */ = {
			isa = PBXSourcesBuildPhase;
			buildActionMask = 2147483647;
			files = (
				1641B5AE26D123D300419DB9 /* IstiakCastUITests.swift in Sources */,
			);
			runOnlyForDeploymentPostprocessing = 0;
		};
/* End PBXSourcesBuildPhase section */

/* Begin PBXTargetDependency section */
		1641B5A026D123D300419DB9 /* PBXTargetDependency */ = {
			isa = PBXTargetDependency;
			target = 1641B58726D123D100419DB9 /* IstiakCast */;
			targetProxy = 1641B59F26D123D300419DB9 /* PBXContainerItemProxy */;
		};
		1641B5AB26D123D300419DB9 /* PBXTargetDependency */ = {
			isa = PBXTargetDependency;
			target = 1641B58726D123D100419DB9 /* IstiakCast */;
			targetProxy = 1641B5AA26D123D300419DB9 /* PBXContainerItemProxy */;
		};
/* End PBXTargetDependency section */

/* Begin PBXVariantGroup section */
		1641B5D626D127E600419DB9 /* LaunchScreen.storyboard */ = {
			isa = PBXVariantGroup;
			children = (
				1641B5D726D127E600419DB9 /* Base */,
			);
			name = LaunchScreen.storyboard;
			sourceTree = "<group>";
		};
/* End PBXVariantGroup section */

/* Begin XCBuildConfiguration section */
		1641B5B026D123D300419DB9 /* Debug */ = {
			isa = XCBuildConfiguration;
			buildSettings = {
				ALWAYS_SEARCH_USER_PATHS = NO;
				CLANG_ANALYZER_NONNULL = YES;
				CLANG_ANALYZER_NUMBER_OBJECT_CONVERSION = YES_AGGRESSIVE;
				CLANG_CXX_LANGUAGE_STANDARD = "gnu++14";
				CLANG_CXX_LIBRARY = "libc++";
				CLANG_ENABLE_MODULES = YES;
				CLANG_ENABLE_OBJC_ARC = YES;
				CLANG_ENABLE_OBJC_WEAK = YES;
				CLANG_WARN_BLOCK_CAPTURE_AUTORELEASING = YES;
				CLANG_WARN_BOOL_CONVERSION = YES;
				CLANG_WARN_COMMA = YES;
				CLANG_WARN_CONSTANT_CONVERSION = YES;
				CLANG_WARN_DEPRECATED_OBJC_IMPLEMENTATIONS = YES;
				CLANG_WARN_DIRECT_OBJC_ISA_USAGE = YES_ERROR;
				CLANG_WARN_DOCUMENTATION_COMMENTS = YES;
				CLANG_WARN_EMPTY_BODY = YES;
				CLANG_WARN_ENUM_CONVERSION = YES;
				CLANG_WARN_INFINITE_RECURSION = YES;
				CLANG_WARN_INT_CONVERSION = YES;
				CLANG_WARN_NON_LITERAL_NULL_CONVERSION = YES;
				CLANG_WARN_OBJC_IMPLICIT_RETAIN_SELF = YES;
				CLANG_WARN_OBJC_LITERAL_CONVERSION = YES;
				CLANG_WARN_OBJC_ROOT_CLASS = YES_ERROR;
				CLANG_WARN_QUOTED_INCLUDE_IN_FRAMEWORK_HEADER = YES;
				CLANG_WARN_RANGE_LOOP_ANALYSIS = YES;
				CLANG_WARN_STRICT_PROTOTYPES = YES;
				CLANG_WARN_SUSPICIOUS_MOVE = YES;
				CLANG_WARN_UNGUARDED_AVAILABILITY = YES_AGGRESSIVE;
				CLANG_WARN_UNREACHABLE_CODE = YES;
				CLANG_WARN__DUPLICATE_METHOD_MATCH = YES;
				COPY_PHASE_STRIP = NO;
				DEBUG_INFORMATION_FORMAT = dwarf;
				ENABLE_STRICT_OBJC_MSGSEND = YES;
				ENABLE_TESTABILITY = YES;
				GCC_C_LANGUAGE_STANDARD = gnu11;
				GCC_DYNAMIC_NO_PIC = NO;
				GCC_NO_COMMON_BLOCKS = YES;
				GCC_OPTIMIZATION_LEVEL = 0;
				GCC_PREPROCESSOR_DEFINITIONS = (
					"DEBUG=1",
					"$(inherited)",
				);
				GCC_WARN_64_TO_32_BIT_CONVERSION = YES;
				GCC_WARN_ABOUT_RETURN_TYPE = YES_ERROR;
				GCC_WARN_UNDECLARED_SELECTOR = YES;
				GCC_WARN_UNINITIALIZED_AUTOS = YES_AGGRESSIVE;
				GCC_WARN_UNUSED_FUNCTION = YES;
				GCC_WARN_UNUSED_VARIABLE = YES;
				IPHONEOS_DEPLOYMENT_TARGET = 14.5;
				MTL_ENABLE_DEBUG_INFO = INCLUDE_SOURCE;
				MTL_FAST_MATH = YES;
				ONLY_ACTIVE_ARCH = YES;
				SDKROOT = iphoneos;
				SWIFT_ACTIVE_COMPILATION_CONDITIONS = DEBUG;
				SWIFT_OPTIMIZATION_LEVEL = "-Onone";
			};
			name = Debug;
		};
		1641B5B126D123D300419DB9 /* Release */ = {
			isa = XCBuildConfiguration;
			buildSettings = {
				ALWAYS_SEARCH_USER_PATHS = NO;
				CLANG_ANALYZER_NONNULL = YES;
				CLANG_ANALYZER_NUMBER_OBJECT_CONVERSION = YES_AGGRESSIVE;
				CLANG_CXX_LANGUAGE_STANDARD = "gnu++14";
				CLANG_CXX_LIBRARY = "libc++";
				CLANG_ENABLE_MODULES = YES;
				CLANG_ENABLE_OBJC_ARC = YES;
				CLANG_ENABLE_OBJC_WEAK = YES;
				CLANG_WARN_BLOCK_CAPTURE_AUTORELEASING = YES;
				CLANG_WARN_BOOL_CONVERSION = YES;
				CLANG_WARN_COMMA = YES;
				CLANG_WARN_CONSTANT_CONVERSION = YES;
				CLANG_WARN_DEPRECATED_OBJC_IMPLEMENTATIONS = YES;
				CLANG_WARN_DIRECT_OBJC_ISA_USAGE = YES_ERROR;
				CLANG_WARN_DOCUMENTATION_COMMENTS = YES;
				CLANG_WARN_EMPTY_BODY = YES;
				CLANG_WARN_ENUM_CONVERSION = YES;
				CLANG_WARN_INFINITE_RECURSION = YES;
				CLANG_WARN_INT_CONVERSION = YES;
				CLANG_WARN_NON_LITERAL_NULL_CONVERSION = YES;
				CLANG_WARN_OBJC_IMPLICIT_RETAIN_SELF = YES;
				CLANG_WARN_OBJC_LITERAL_CONVERSION = YES;
				CLANG_WARN_OBJC_ROOT_CLASS = YES_ERROR;
				CLANG_WARN_QUOTED_INCLUDE_IN_FRAMEWORK_HEADER = YES;
				CLANG_WARN_RANGE_LOOP_ANALYSIS = YES;
				CLANG_WARN_STRICT_PROTOTYPES = YES;
				CLANG_WARN_SUSPICIOUS_MOVE = YES;
				CLANG_WARN_UNGUARDED_AVAILABILITY = YES_AGGRESSIVE;
				CLANG_WARN_UNREACHABLE_CODE = YES;
				CLANG_WARN__DUPLICATE_METHOD_MATCH = YES;
				COPY_PHASE_STRIP = NO;
				DEBUG_INFORMATION_FORMAT = "dwarf-with-dsym";
				ENABLE_NS_ASSERTIONS = NO;
				ENABLE_STRICT_OBJC_MSGSEND = YES;
				GCC_C_LANGUAGE_STANDARD = gnu11;
				GCC_NO_COMMON_BLOCKS = YES;
				GCC_WARN_64_TO_32_BIT_CONVERSION = YES;
				GCC_WARN_ABOUT_RETURN_TYPE = YES_ERROR;
				GCC_WARN_UNDECLARED_SELECTOR = YES;
				GCC_WARN_UNINITIALIZED_AUTOS = YES_AGGRESSIVE;
				GCC_WARN_UNUSED_FUNCTION = YES;
				GCC_WARN_UNUSED_VARIABLE = YES;
				IPHONEOS_DEPLOYMENT_TARGET = 14.5;
				MTL_ENABLE_DEBUG_INFO = NO;
				MTL_FAST_MATH = YES;
				SDKROOT = iphoneos;
				SWIFT_COMPILATION_MODE = wholemodule;
				SWIFT_OPTIMIZATION_LEVEL = "-O";
				VALIDATE_PRODUCT = YES;
			};
			name = Release;
		};
		1641B5B326D123D300419DB9 /* Debug */ = {
			isa = XCBuildConfiguration;
			baseConfigurationReference = CF3DD90853D1915229DFCE25 /* Pods-IstiakCast.debug.xcconfig */;
			buildSettings = {
				ASSETCATALOG_COMPILER_APPICON_NAME = AppIcon;
				ASSETCATALOG_COMPILER_GLOBAL_ACCENT_COLOR_NAME = AccentColor;
				CODE_SIGN_STYLE = Automatic;
				DEVELOPMENT_ASSET_PATHS = "\"IstiakCast/Preview Content\"";
				ENABLE_PREVIEWS = YES;
				INFOPLIST_FILE = "$(SRCROOT)/IstiakCast/Supporting Files/Info.plist";
				IPHONEOS_DEPLOYMENT_TARGET = 14.0;
				LD_RUNPATH_SEARCH_PATHS = (
					"$(inherited)",
					"@executable_path/Frameworks",
				);
				PRODUCT_BUNDLE_IDENTIFIER = com.istiak.podcast.IstiakCast;
				PRODUCT_NAME = "$(TARGET_NAME)";
				SWIFT_VERSION = 5.0;
				TARGETED_DEVICE_FAMILY = "1,2";
			};
			name = Debug;
		};
		1641B5B426D123D300419DB9 /* Release */ = {
			isa = XCBuildConfiguration;
			baseConfigurationReference = 890A4F36FDF08CE32CEAEBC8 /* Pods-IstiakCast.release.xcconfig */;
			buildSettings = {
				ASSETCATALOG_COMPILER_APPICON_NAME = AppIcon;
				ASSETCATALOG_COMPILER_GLOBAL_ACCENT_COLOR_NAME = AccentColor;
				CODE_SIGN_STYLE = Automatic;
				DEVELOPMENT_ASSET_PATHS = "\"IstiakCast/Preview Content\"";
				ENABLE_PREVIEWS = YES;
				INFOPLIST_FILE = "$(SRCROOT)/IstiakCast/Supporting Files/Info.plist";
				IPHONEOS_DEPLOYMENT_TARGET = 14.0;
				LD_RUNPATH_SEARCH_PATHS = (
					"$(inherited)",
					"@executable_path/Frameworks",
				);
				PRODUCT_BUNDLE_IDENTIFIER = com.istiak.podcast.IstiakCast;
				PRODUCT_NAME = "$(TARGET_NAME)";
				SWIFT_VERSION = 5.0;
				TARGETED_DEVICE_FAMILY = "1,2";
			};
			name = Release;
		};
		1641B5B626D123D300419DB9 /* Debug */ = {
			isa = XCBuildConfiguration;
			baseConfigurationReference = 040DEE8840A83210BD82C265 /* Pods-IstiakCastTests.debug.xcconfig */;
			buildSettings = {
				ALWAYS_EMBED_SWIFT_STANDARD_LIBRARIES = YES;
				BUNDLE_LOADER = "$(TEST_HOST)";
				CODE_SIGN_STYLE = Automatic;
				INFOPLIST_FILE = IstiakCastTests/Info.plist;
				IPHONEOS_DEPLOYMENT_TARGET = 14.0;
				LD_RUNPATH_SEARCH_PATHS = (
					"$(inherited)",
					"@executable_path/Frameworks",
					"@loader_path/Frameworks",
				);
				PRODUCT_BUNDLE_IDENTIFIER = com.istiak.podcast.IstiakCastTests;
				PRODUCT_NAME = "$(TARGET_NAME)";
				SWIFT_VERSION = 5.0;
				TARGETED_DEVICE_FAMILY = "1,2";
				TEST_HOST = "$(BUILT_PRODUCTS_DIR)/IstiakCast.app/IstiakCast";
			};
			name = Debug;
		};
		1641B5B726D123D300419DB9 /* Release */ = {
			isa = XCBuildConfiguration;
			baseConfigurationReference = 54B98792958E565BCA1E3B43 /* Pods-IstiakCastTests.release.xcconfig */;
			buildSettings = {
				ALWAYS_EMBED_SWIFT_STANDARD_LIBRARIES = YES;
				BUNDLE_LOADER = "$(TEST_HOST)";
				CODE_SIGN_STYLE = Automatic;
				INFOPLIST_FILE = IstiakCastTests/Info.plist;
				IPHONEOS_DEPLOYMENT_TARGET = 14.0;
				LD_RUNPATH_SEARCH_PATHS = (
					"$(inherited)",
					"@executable_path/Frameworks",
					"@loader_path/Frameworks",
				);
				PRODUCT_BUNDLE_IDENTIFIER = com.istiak.podcast.IstiakCastTests;
				PRODUCT_NAME = "$(TARGET_NAME)";
				SWIFT_VERSION = 5.0;
				TARGETED_DEVICE_FAMILY = "1,2";
				TEST_HOST = "$(BUILT_PRODUCTS_DIR)/IstiakCast.app/IstiakCast";
			};
			name = Release;
		};
		1641B5B926D123D300419DB9 /* Debug */ = {
			isa = XCBuildConfiguration;
			baseConfigurationReference = F2E53AA923FFDE8F81A297B9 /* Pods-IstiakCast-IstiakCastUITests.debug.xcconfig */;
			buildSettings = {
				ALWAYS_EMBED_SWIFT_STANDARD_LIBRARIES = YES;
				CODE_SIGN_STYLE = Automatic;
				INFOPLIST_FILE = IstiakCastUITests/Info.plist;
				LD_RUNPATH_SEARCH_PATHS = (
					"$(inherited)",
					"@executable_path/Frameworks",
					"@loader_path/Frameworks",
				);
				PRODUCT_BUNDLE_IDENTIFIER = com.istiak.podcast.IstiakCastUITests;
				PRODUCT_NAME = "$(TARGET_NAME)";
				SWIFT_VERSION = 5.0;
				TARGETED_DEVICE_FAMILY = "1,2";
				TEST_TARGET_NAME = IstiakCast;
			};
			name = Debug;
		};
		1641B5BA26D123D300419DB9 /* Release */ = {
			isa = XCBuildConfiguration;
			baseConfigurationReference = 47F505507C90F949FF34D0E4 /* Pods-IstiakCast-IstiakCastUITests.release.xcconfig */;
			buildSettings = {
				ALWAYS_EMBED_SWIFT_STANDARD_LIBRARIES = YES;
				CODE_SIGN_STYLE = Automatic;
				INFOPLIST_FILE = IstiakCastUITests/Info.plist;
				LD_RUNPATH_SEARCH_PATHS = (
					"$(inherited)",
					"@executable_path/Frameworks",
					"@loader_path/Frameworks",
				);
				PRODUCT_BUNDLE_IDENTIFIER = com.istiak.podcast.IstiakCastUITests;
				PRODUCT_NAME = "$(TARGET_NAME)";
				SWIFT_VERSION = 5.0;
				TARGETED_DEVICE_FAMILY = "1,2";
				TEST_TARGET_NAME = IstiakCast;
			};
			name = Release;
		};
/* End XCBuildConfiguration section */

/* Begin XCConfigurationList section */
		1641B58326D123D100419DB9 /* Build configuration list for PBXProject "IstiakCast" */ = {
			isa = XCConfigurationList;
			buildConfigurations = (
				1641B5B026D123D300419DB9 /* Debug */,
				1641B5B126D123D300419DB9 /* Release */,
			);
			defaultConfigurationIsVisible = 0;
			defaultConfigurationName = Release;
		};
		1641B5B226D123D300419DB9 /* Build configuration list for PBXNativeTarget "IstiakCast" */ = {
			isa = XCConfigurationList;
			buildConfigurations = (
				1641B5B326D123D300419DB9 /* Debug */,
				1641B5B426D123D300419DB9 /* Release */,
			);
			defaultConfigurationIsVisible = 0;
			defaultConfigurationName = Release;
		};
		1641B5B526D123D300419DB9 /* Build configuration list for PBXNativeTarget "IstiakCastTests" */ = {
			isa = XCConfigurationList;
			buildConfigurations = (
				1641B5B626D123D300419DB9 /* Debug */,
				1641B5B726D123D300419DB9 /* Release */,
			);
			defaultConfigurationIsVisible = 0;
			defaultConfigurationName = Release;
		};
		1641B5B826D123D300419DB9 /* Build configuration list for PBXNativeTarget "IstiakCastUITests" */ = {
			isa = XCConfigurationList;
			buildConfigurations = (
				1641B5B926D123D300419DB9 /* Debug */,
				1641B5BA26D123D300419DB9 /* Release */,
			);
			defaultConfigurationIsVisible = 0;
			defaultConfigurationName = Release;
		};
/* End XCConfigurationList section */

/* Begin XCVersionGroup section */
		1641B59626D123D300419DB9 /* IstiakCast.xcdatamodeld */ = {
			isa = XCVersionGroup;
			children = (
				1641B59726D123D300419DB9 /* IstiakCast.xcdatamodel */,
			);
			currentVersion = 1641B59726D123D300419DB9 /* IstiakCast.xcdatamodel */;
			path = IstiakCast.xcdatamodeld;
			sourceTree = "<group>";
			versionGroupType = wrapper.xcdatamodel;
		};
/* End XCVersionGroup section */
	};
	rootObject = 1641B58026D123D100419DB9 /* Project object */;
}
